
Microsoft Visual Studio Solution File, Format Version 12.00
# Visual Studio Version 17
VisualStudioVersion = 17.14.36511.14
MinimumVisualStudioVersion = 10.0.40219.1
Project("{2150E333-8FDC-42A3-9474-1A3956D46DE8}") = "Task0", "Task0", "{02EA681E-C7D8-13C7-8484-4AC65E1B71E8}"
EndProject
Project("{FAE04EC0-301F-11D3-BF4B-00C04F79EFBC}") = "Tyuiu.AristovaAK.Sprint0.Task0.V0", "Tyuiu.AristovaAK.Sprint0.Task0.V0\Tyuiu.AristovaAK.Sprint0.Task0.V0.csproj", "{60AA7761-7DD8-493B-9A3C-451355D319A4}"
EndProject
Project("{2150E333-8FDC-42A3-9474-1A3956D46DE8}") = "Task1", "Task1", "{F4894297-A499-4462-A623-78CE9E409442}"
EndProject
Project("{FAE04EC0-301F-11D3-BF4B-00C04F79EFBC}") = "Tyuiu.AristovaAK.Sprint0.Task1.V0", "Tyuiu.AristovaAK.Sprint0.Task1.V0\Tyuiu.AristovaAK.Sprint0.Task1.V0.csproj", "{647F6FAF-0B47-4020-A879-33BE4BB483B5}"
EndProject
Project("{2150E333-8FDC-42A3-9474-1A3956D46DE8}") = "Task2", "Task2", "{ED191872-8B98-4EB7-9C6C-9AED0E0A6FAF}"
EndProject
Project("{FAE04EC0-301F-11D3-BF4B-00C04F79EFBC}") = "Tyuiu.AristovaAK.Sprint0.Task2.V0", "Tyuiu.AristovaAK.Sprint0.Task2.V0\Tyuiu.AristovaAK.Sprint0.Task2.V0.csproj", "{D007FDDD-63B6-4B77-AB22-3C79B8D2B09E}"
EndProject
Project("{FAE04EC0-301F-11D3-BF4B-00C04F79EFBC}") = "Tyuiu.AristovaAK.Sprint0.Task2.V0.Lib", "Tyuiu.AristovaAK.Sprint0.Task2.V0.Lib\Tyuiu.AristovaAK.Sprint0.Task2.V0.Lib.csproj", "{6DD12518-E1A0-407E-A5CA-89612CB62B89}"
EndProject
Project("{FAE04EC0-301F-11D3-BF4B-00C04F79EFBC}") = "Tyuiu.AristovaAK.Sprint0.Task2.V0.Test", "Tyuiu.AristovaAK.Sprint0.Task2.V0.Test\Tyuiu.AristovaAK.Sprint0.Task2.V0.Test.csproj", "{6F72CE74-6545-4261-9EA4-FE689C42E200}"
EndProject
Project("{2150E333-8FDC-42A3-9474-1A3956D46DE8}") = "Task3", "Task3", "{49C79316-4607-4878-95EE-8A5C72A44467}"
EndProject
Project("{FAE04EC0-301F-11D3-BF4B-00C04F79EFBC}") = "Tyuiu.AristovaAK.Sprint0.Task3.V0", "Tyuiu.AristovaAK.Sprint0.Task3.V0\Tyuiu.AristovaAK.Sprint0.Task3.V0.csproj", "{8BC725EB-0F74-4D21-8EA2-3F74C949DEBE}"
EndProject
Project("{FAE04EC0-301F-11D3-BF4B-00C04F79EFBC}") = "Tyuiu.AristovaAK.Sprint0.Task3.V0.Lib", "Tyuiu.AristovaAK.Sprint0.Task3.V0.Lib\Tyuiu.AristovaAK.Sprint0.Task3.V0.Lib.csproj", "{93C20F7A-7EAA-46C2-82EC-D5DDD18B4520}"
EndProject
Project("{FAE04EC0-301F-11D3-BF4B-00C04F79EFBC}") = "Tyuiu.AristovaAK.Sprint0.Task3.V0.Test", "Tyuiu.AristovaAK.Sprint0.Task3.V0.Test\Tyuiu.AristovaAK.Sprint0.Task3.V0.Test.csproj", "{C6BBF3E4-DCCE-451E-A9B6-16DFC2927931}"
EndProject
Project("{2150E333-8FDC-42A3-9474-1A3956D46DE8}") = "Task4", "Task4", "{951433E8-5B74-40BF-A000-743F01C5F608}"
EndProject
Project("{FAE04EC0-301F-11D3-BF4B-00C04F79EFBC}") = "Tyuiu.AristovaAK.Sprint0.Task4.V0", "Tyuiu.AristovaAK.Sprint0.Task4.V0\Tyuiu.AristovaAK.Sprint0.Task4.V0.csproj", "{6DB479FC-3EEB-4354-9839-58DCFAF46F37}"
EndProject
Project("{FAE04EC0-301F-11D3-BF4B-00C04F79EFBC}") = "Tyuiu.AristovaAK.Sprint0.Task4.V0.Lib", "Tyuiu.AristovaAK.Sprint0.Task4.V0.Lib\Tyuiu.AristovaAK.Sprint0.Task4.V0.Lib.csproj", "{EEE79712-12E6-44F3-8262-F4E3DB6E74C2}"
EndProject
Project("{FAE04EC0-301F-11D3-BF4B-00C04F79EFBC}") = "Tyuiu.AristovaAK.Sprint0.Task4.V0.Test", "Tyuiu.AristovaAK.Sprint0.Task4.V0.Test\Tyuiu.AristovaAK.Sprint0.Task4.V0.Test.csproj", "{199EA736-3916-4309-AE47-2626BE570E5C}"
EndProject
Project("{2150E333-8FDC-42A3-9474-1A3956D46DE8}") = "Task5", "Task5", "{210B9F2D-6811-45A1-B57D-AC1B9FDC9E40}"
EndProject
Project("{FAE04EC0-301F-11D3-BF4B-00C04F79EFBC}") = "Tyuiu.AristovaAK.Sprint0.Task5.V0", "Tyuiu.AristovaAK.Sprint0.Task5.V0\Tyuiu.AristovaAK.Sprint0.Task5.V0.csproj", "{DE4DB919-4489-4DA3-88A9-002363450916}"
EndProject
Project("{FAE04EC0-301F-11D3-BF4B-00C04F79EFBC}") = "Tyuiu.AristovaAK.Sprint0.Task5.V0.Test", "Tyuiu.AristovaAK.Sprint0.Task5.V0.Test\Tyuiu.AristovaAK.Sprint0.Task5.V0.Test.csproj", "{8EDA661B-0AC6-4D8D-A436-5CABCB776C27}"
EndProject
Project("{FAE04EC0-301F-11D3-BF4B-00C04F79EFBC}") = "Tyuiu.AristovaAK.Sprint0.Task5.V0.Lib", "Tyuiu.AristovaAK.Sprint0.Task5.V0.Lib\Tyuiu.AristovaAK.Sprint0.Task5.V0.Lib.csproj", "{C154B747-369A-4504-B918-CFF92E71A0E5}"
EndProject
Project("{2150E333-8FDC-42A3-9474-1A3956D46DE8}") = "Task6", "Task6", "{A05E1447-6433-4880-B59D-B7C0B228AB4C}"
EndProject
Project("{FAE04EC0-301F-11D3-BF4B-00C04F79EFBC}") = "Tyuiu.AristovaAK.Sprint0.Task6.V0", "Tyuiu.AristovaAK.Sprint0.Task6.V0\Tyuiu.AristovaAK.Sprint0.Task6.V0.csproj", "{E715071E-5A08-48A4-BD39-6F5577C62884}"
EndProject
Project("{FAE04EC0-301F-11D3-BF4B-00C04F79EFBC}") = "Tyuiu.AristovaAK.Sprint0.Task6.V0.Lib", "Tyuiu.AristovaAK.Sprint0.Task6.V0.Lib\Tyuiu.AristovaAK.Sprint0.Task6.V0.Lib.csproj", "{E996B944-18C7-4D24-A103-DE0787D40F55}"
EndProject
Project("{FAE04EC0-301F-11D3-BF4B-00C04F79EFBC}") = "Tyuiu.AristovaAK.Sprint0.Task6.V0.Test", "Tyuiu.AristovaAK.Sprint0.Task6.V0.Test\Tyuiu.AristovaAK.Sprint0.Task6.V0.Test.csproj", "{A44EC33C-0E16-4E63-AAFF-E29CD386201D}"
EndProject
Global
	GlobalSection(SolutionConfigurationPlatforms) = preSolution
		Debug|Any CPU = Debug|Any CPU
		Release|Any CPU = Release|Any CPU
	EndGlobalSection
	GlobalSection(ProjectConfigurationPlatforms) = postSolution
		{60AA7761-7DD8-493B-9A3C-451355D319A4}.Debug|Any CPU.ActiveCfg = Debug|Any CPU
		{60AA7761-7DD8-493B-9A3C-451355D319A4}.Debug|Any CPU.Build.0 = Debug|Any CPU
		{60AA7761-7DD8-493B-9A3C-451355D319A4}.Release|Any CPU.ActiveCfg = Release|Any CPU
		{60AA7761-7DD8-493B-9A3C-451355D319A4}.Release|Any CPU.Build.0 = Release|Any CPU
		{647F6FAF-0B47-4020-A879-33BE4BB483B5}.Debug|Any CPU.ActiveCfg = Debug|Any CPU
		{647F6FAF-0B47-4020-A879-33BE4BB483B5}.Debug|Any CPU.Build.0 = Debug|Any CPU
		{647F6FAF-0B47-4020-A879-33BE4BB483B5}.Release|Any CPU.ActiveCfg = Release|Any CPU
		{647F6FAF-0B47-4020-A879-33BE4BB483B5}.Release|Any CPU.Build.0 = Release|Any CPU
		{D007FDDD-63B6-4B77-AB22-3C79B8D2B09E}.Debug|Any CPU.ActiveCfg = Debug|Any CPU
		{D007FDDD-63B6-4B77-AB22-3C79B8D2B09E}.Debug|Any CPU.Build.0 = Debug|Any CPU
		{D007FDDD-63B6-4B77-AB22-3C79B8D2B09E}.Release|Any CPU.ActiveCfg = Release|Any CPU
		{D007FDDD-63B6-4B77-AB22-3C79B8D2B09E}.Release|Any CPU.Build.0 = Release|Any CPU
		{6DD12518-E1A0-407E-A5CA-89612CB62B89}.Debug|Any CPU.ActiveCfg = Debug|Any CPU
		{6DD12518-E1A0-407E-A5CA-89612CB62B89}.Debug|Any CPU.Build.0 = Debug|Any CPU
		{6DD12518-E1A0-407E-A5CA-89612CB62B89}.Release|Any CPU.ActiveCfg = Release|Any CPU
		{6DD12518-E1A0-407E-A5CA-89612CB62B89}.Release|Any CPU.Build.0 = Release|Any CPU
		{6F72CE74-6545-4261-9EA4-FE689C42E200}.Debug|Any CPU.ActiveCfg = Debug|Any CPU
		{6F72CE74-6545-4261-9EA4-FE689C42E200}.Debug|Any CPU.Build.0 = Debug|Any CPU
		{6F72CE74-6545-4261-9EA4-FE689C42E200}.Release|Any CPU.ActiveCfg = Release|Any CPU
		{6F72CE74-6545-4261-9EA4-FE689C42E200}.Release|Any CPU.Build.0 = Release|Any CPU
		{8BC725EB-0F74-4D21-8EA2-3F74C949DEBE}.Debug|Any CPU.ActiveCfg = Debug|Any CPU
		{8BC725EB-0F74-4D21-8EA2-3F74C949DEBE}.Debug|Any CPU.Build.0 = Debug|Any CPU
		{8BC725EB-0F74-4D21-8EA2-3F74C949DEBE}.Release|Any CPU.ActiveCfg = Release|Any CPU
		{8BC725EB-0F74-4D21-8EA2-3F74C949DEBE}.Release|Any CPU.Build.0 = Release|Any CPU
		{93C20F7A-7EAA-46C2-82EC-D5DDD18B4520}.Debug|Any CPU.ActiveCfg = Debug|Any CPU
		{93C20F7A-7EAA-46C2-82EC-D5DDD18B4520}.Debug|Any CPU.Build.0 = Debug|Any CPU
		{93C20F7A-7EAA-46C2-82EC-D5DDD18B4520}.Release|Any CPU.ActiveCfg = Release|Any CPU
		{93C20F7A-7EAA-46C2-82EC-D5DDD18B4520}.Release|Any CPU.Build.0 = Release|Any CPU
		{C6BBF3E4-DCCE-451E-A9B6-16DFC2927931}.Debug|Any CPU.ActiveCfg = Debug|Any CPU
		{C6BBF3E4-DCCE-451E-A9B6-16DFC2927931}.Debug|Any CPU.Build.0 = Debug|Any CPU
		{C6BBF3E4-DCCE-451E-A9B6-16DFC2927931}.Release|Any CPU.ActiveCfg = Release|Any CPU
		{C6BBF3E4-DCCE-451E-A9B6-16DFC2927931}.Release|Any CPU.Build.0 = Release|Any CPU
		{6DB479FC-3EEB-4354-9839-58DCFAF46F37}.Debug|Any CPU.ActiveCfg = Debug|Any CPU
		{6DB479FC-3EEB-4354-9839-58DCFAF46F37}.Debug|Any CPU.Build.0 = Debug|Any CPU
		{6DB479FC-3EEB-4354-9839-58DCFAF46F37}.Release|Any CPU.ActiveCfg = Release|Any CPU
		{6DB479FC-3EEB-4354-9839-58DCFAF46F37}.Release|Any CPU.Build.0 = Release|Any CPU
		{EEE79712-12E6-44F3-8262-F4E3DB6E74C2}.Debug|Any CPU.ActiveCfg = Debug|Any CPU
		{EEE79712-12E6-44F3-8262-F4E3DB6E74C2}.Debug|Any CPU.Build.0 = Debug|Any CPU
		{EEE79712-12E6-44F3-8262-F4E3DB6E74C2}.Release|Any CPU.ActiveCfg = Release|Any CPU
		{EEE79712-12E6-44F3-8262-F4E3DB6E74C2}.Release|Any CPU.Build.0 = Release|Any CPU
		{199EA736-3916-4309-AE47-2626BE570E5C}.Debug|Any CPU.ActiveCfg = Debug|Any CPU
		{199EA736-3916-4309-AE47-2626BE570E5C}.Debug|Any CPU.Build.0 = Debug|Any CPU
		{199EA736-3916-4309-AE47-2626BE570E5C}.Release|Any CPU.ActiveCfg = Release|Any CPU
		{199EA736-3916-4309-AE47-2626BE570E5C}.Release|Any CPU.Build.0 = Release|Any CPU
		{DE4DB919-4489-4DA3-88A9-002363450916}.Debug|Any CPU.ActiveCfg = Debug|Any CPU
		{DE4DB919-4489-4DA3-88A9-002363450916}.Debug|Any CPU.Build.0 = Debug|Any CPU
		{DE4DB919-4489-4DA3-88A9-002363450916}.Release|Any CPU.ActiveCfg = Release|Any CPU
		{DE4DB919-4489-4DA3-88A9-002363450916}.Release|Any CPU.Build.0 = Release|Any CPU
		{8EDA661B-0AC6-4D8D-A436-5CABCB776C27}.Debug|Any CPU.ActiveCfg = Debug|Any CPU
		{8EDA661B-0AC6-4D8D-A436-5CABCB776C27}.Debug|Any CPU.Build.0 = Debug|Any CPU
		{8EDA661B-0AC6-4D8D-A436-5CABCB776C27}.Release|Any CPU.ActiveCfg = Release|Any CPU
		{8EDA661B-0AC6-4D8D-A436-5CABCB776C27}.Release|Any CPU.Build.0 = Release|Any CPU
		{C154B747-369A-4504-B918-CFF92E71A0E5}.Debug|Any CPU.ActiveCfg = Debug|Any CPU
		{C154B747-369A-4504-B918-CFF92E71A0E5}.Debug|Any CPU.Build.0 = Debug|Any CPU
		{C154B747-369A-4504-B918-CFF92E71A0E5}.Release|Any CPU.ActiveCfg = Release|Any CPU
		{C154B747-369A-4504-B918-CFF92E71A0E5}.Release|Any CPU.Build.0 = Release|Any CPU
		{E715071E-5A08-48A4-BD39-6F5577C62884}.Debug|Any CPU.ActiveCfg = Debug|Any CPU
		{E715071E-5A08-48A4-BD39-6F5577C62884}.Debug|Any CPU.Build.0 = Debug|Any CPU
		{E715071E-5A08-48A4-BD39-6F5577C62884}.Release|Any CPU.ActiveCfg = Release|Any CPU
		{E715071E-5A08-48A4-BD39-6F5577C62884}.Release|Any CPU.Build.0 = Release|Any CPU
		{E996B944-18C7-4D24-A103-DE0787D40F55}.Debug|Any CPU.ActiveCfg = Debug|Any CPU
		{E996B944-18C7-4D24-A103-DE0787D40F55}.Debug|Any CPU.Build.0 = Debug|Any CPU
		{E996B944-18C7-4D24-A103-DE0787D40F55}.Release|Any CPU.ActiveCfg = Release|Any CPU
		{E996B944-18C7-4D24-A103-DE0787D40F55}.Release|Any CPU.Build.0 = Release|Any CPU
		{A44EC33C-0E16-4E63-AAFF-E29CD386201D}.Debug|Any CPU.ActiveCfg = Debug|Any CPU
		{A44EC33C-0E16-4E63-AAFF-E29CD386201D}.Debug|Any CPU.Build.0 = Debug|Any CPU
		{A44EC33C-0E16-4E63-AAFF-E29CD386201D}.Release|Any CPU.ActiveCfg = Release|Any CPU
		{A44EC33C-0E16-4E63-AAFF-E29CD386201D}.Release|Any CPU.Build.0 = Release|Any CPU
	EndGlobalSection
	GlobalSection(SolutionProperties) = preSolution
		HideSolutionNode = FALSE
	EndGlobalSection
	GlobalSection(NestedProjects) = preSolution
		{60AA7761-7DD8-493B-9A3C-451355D319A4} = {02EA681E-C7D8-13C7-8484-4AC65E1B71E8}
		{647F6FAF-0B47-4020-A879-33BE4BB483B5} = {F4894297-A499-4462-A623-78CE9E409442}
		{D007FDDD-63B6-4B77-AB22-3C79B8D2B09E} = {ED191872-8B98-4EB7-9C6C-9AED0E0A6FAF}
		{6DD12518-E1A0-407E-A5CA-89612CB62B89} = {ED191872-8B98-4EB7-9C6C-9AED0E0A6FAF}
		{6F72CE74-6545-4261-9EA4-FE689C42E200} = {ED191872-8B98-4EB7-9C6C-9AED0E0A6FAF}
		{8BC725EB-0F74-4D21-8EA2-3F74C949DEBE} = {49C79316-4607-4878-95EE-8A5C72A44467}
		{93C20F7A-7EAA-46C2-82EC-D5DDD18B4520} = {49C79316-4607-4878-95EE-8A5C72A44467}
		{C6BBF3E4-DCCE-451E-A9B6-16DFC2927931} = {49C79316-4607-4878-95EE-8A5C72A44467}
		{6DB479FC-3EEB-4354-9839-58DCFAF46F37} = {951433E8-5B74-40BF-A000-743F01C5F608}
		{EEE79712-12E6-44F3-8262-F4E3DB6E74C2} = {951433E8-5B74-40BF-A000-743F01C5F608}
		{199EA736-3916-4309-AE47-2626BE570E5C} = {951433E8-5B74-40BF-A000-743F01C5F608}
		{DE4DB919-4489-4DA3-88A9-002363450916} = {210B9F2D-6811-45A1-B57D-AC1B9FDC9E40}
		{8EDA661B-0AC6-4D8D-A436-5CABCB776C27} = {210B9F2D-6811-45A1-B57D-AC1B9FDC9E40}
		{C154B747-369A-4504-B918-CFF92E71A0E5} = {210B9F2D-6811-45A1-B57D-AC1B9FDC9E40}
		{E715071E-5A08-48A4-BD39-6F5577C62884} = {A05E1447-6433-4880-B59D-B7C0B228AB4C}
		{E996B944-18C7-4D24-A103-DE0787D40F55} = {A05E1447-6433-4880-B59D-B7C0B228AB4C}
		{A44EC33C-0E16-4E63-AAFF-E29CD386201D} = {A05E1447-6433-4880-B59D-B7C0B228AB4C}
	EndGlobalSection
	GlobalSection(ExtensibilityGlobals) = postSolution
		SolutionGuid = {274DE462-0BF2-415C-880A-F2DDD381CC19}
	EndGlobalSection
EndGlobal
